// !$*UTF8*$!
{
	archiveVersion = 1;
	classes = {
	};
	objectVersion = 46;
	objects = {

/* Begin PBXBuildFile section */
		E0D78D4319CD6968008E2132 /* AppDelegate.swift in Sources */ = {isa = PBXBuildFile; fileRef = E0D78D4219CD6968008E2132 /* AppDelegate.swift */; };
		E0D78D4519CD6968008E2132 /* ViewController.swift in Sources */ = {isa = PBXBuildFile; fileRef = E0D78D4419CD6968008E2132 /* ViewController.swift */; };
		E0D78D4819CD6968008E2132 /* Main.storyboard in Resources */ = {isa = PBXBuildFile; fileRef = E0D78D4619CD6968008E2132 /* Main.storyboard */; };
		E0D78D4A19CD6968008E2132 /* Images.xcassets in Resources */ = {isa = PBXBuildFile; fileRef = E0D78D4919CD6968008E2132 /* Images.xcassets */; };
		E0D78D4D19CD6968008E2132 /* LaunchScreen.xib in Resources */ = {isa = PBXBuildFile; fileRef = E0D78D4B19CD6968008E2132 /* LaunchScreen.xib */; };
		E0D78D5919CD6968008E2132 /* BabelBoardProjectTests.swift in Sources */ = {isa = PBXBuildFile; fileRef = E0D78D5819CD6968008E2132 /* BabelBoardProjectTests.swift */; };
		E0D78D6B19CD6989008E2132 /* KeyboardViewController.swift in Sources */ = {isa = PBXBuildFile; fileRef = E0D78D6A19CD6989008E2132 /* KeyboardViewController.swift */; };
		E0D78D6E19CD6989008E2132 /* BabelBoard.appex in Embed App Extensions */ = {isa = PBXBuildFile; fileRef = E0D78D6619CD6989008E2132 /* BabelBoard.appex */; settings = {ATTRIBUTES = (RemoveHeadersOnCopy, ); }; };
		E0D78D7619CD6A07008E2132 /* KeyButton.swift in Sources */ = {isa = PBXBuildFile; fileRef = E0D78D7519CD6A07008E2132 /* KeyButton.swift */; };
		E0DF157C19CE11D2000B85F4 /* Alamofire.framework in Frameworks */ = {isa = PBXBuildFile; fileRef = E0DF157B19CE11D2000B85F4 /* Alamofire.framework */; };
		E0DF157D19CE11D8000B85F4 /* Alamofire.framework in CopyFiles */ = {isa = PBXBuildFile; fileRef = E0DF157B19CE11D2000B85F4 /* Alamofire.framework */; settings = {ATTRIBUTES = (CodeSignOnCopy, RemoveHeadersOnCopy, ); }; };
		E0DF158419CE29C1000B85F4 /* SwiftyJSON.swift in Sources */ = {isa = PBXBuildFile; fileRef = E0DF158319CE29C1000B85F4 /* SwiftyJSON.swift */; };
/* End PBXBuildFile section */

/* Begin PBXContainerItemProxy section */
		E0D78D5319CD6968008E2132 /* PBXContainerItemProxy */ = {
			isa = PBXContainerItemProxy;
			containerPortal = E0D78D3519CD6968008E2132 /* Project object */;
			proxyType = 1;
			remoteGlobalIDString = E0D78D3C19CD6968008E2132;
			remoteInfo = BabelBoardProject;
		};
		E0D78D6C19CD6989008E2132 /* PBXContainerItemProxy */ = {
			isa = PBXContainerItemProxy;
			containerPortal = E0D78D3519CD6968008E2132 /* Project object */;
			proxyType = 1;
			remoteGlobalIDString = E0D78D6519CD6989008E2132;
			remoteInfo = BabelBoard;
		};
		E0D78D6F19CD6989008E2132 /* PBXContainerItemProxy */ = {
			isa = PBXContainerItemProxy;
			containerPortal = E0D78D3519CD6968008E2132 /* Project object */;
			proxyType = 1;
			remoteGlobalIDString = E0D78D6519CD6989008E2132;
			remoteInfo = BabelBoard;
		};
/* End PBXContainerItemProxy section */

/* Begin PBXCopyFilesBuildPhase section */
		E0D78D7419CD6989008E2132 /* Embed App Extensions */ = {
			isa = PBXCopyFilesBuildPhase;
			buildActionMask = 2147483647;
			dstPath = "";
			dstSubfolderSpec = 13;
			files = (
				E0D78D6E19CD6989008E2132 /* BabelBoard.appex in Embed App Extensions */,
			);
			name = "Embed App Extensions";
			runOnlyForDeploymentPostprocessing = 0;
		};
		E0DF155919CE0FAA000B85F4 /* Copy Files */ = {
			isa = PBXCopyFilesBuildPhase;
			buildActionMask = 2147483647;
			dstPath = "";
			dstSubfolderSpec = 10;
			files = (
			);
			name = "Copy Files";
			runOnlyForDeploymentPostprocessing = 0;
		};
		E0DF157919CE1125000B85F4 /* CopyFiles */ = {
			isa = PBXCopyFilesBuildPhase;
			buildActionMask = 2147483647;
			dstPath = "";
			dstSubfolderSpec = 10;
			files = (
				E0DF157D19CE11D8000B85F4 /* Alamofire.framework in CopyFiles */,
			);
			runOnlyForDeploymentPostprocessing = 0;
		};
/* End PBXCopyFilesBuildPhase section */

/* Begin PBXFileReference section */
		E0D78D3D19CD6968008E2132 /* BabelBoardProject.app */ = {isa = PBXFileReference; explicitFileType = wrapper.application; includeInIndex = 0; path = BabelBoardProject.app; sourceTree = BUILT_PRODUCTS_DIR; };
		E0D78D4119CD6968008E2132 /* Info.plist */ = {isa = PBXFileReference; lastKnownFileType = text.plist.xml; path = Info.plist; sourceTree = "<group>"; };
		E0D78D4219CD6968008E2132 /* AppDelegate.swift */ = {isa = PBXFileReference; lastKnownFileType = sourcecode.swift; path = AppDelegate.swift; sourceTree = "<group>"; };
		E0D78D4419CD6968008E2132 /* ViewController.swift */ = {isa = PBXFileReference; lastKnownFileType = sourcecode.swift; path = ViewController.swift; sourceTree = "<group>"; };
		E0D78D4719CD6968008E2132 /* Base */ = {isa = PBXFileReference; lastKnownFileType = file.storyboard; name = Base; path = Base.lproj/Main.storyboard; sourceTree = "<group>"; };
		E0D78D4919CD6968008E2132 /* Images.xcassets */ = {isa = PBXFileReference; lastKnownFileType = folder.assetcatalog; path = Images.xcassets; sourceTree = "<group>"; };
		E0D78D4C19CD6968008E2132 /* Base */ = {isa = PBXFileReference; lastKnownFileType = file.xib; name = Base; path = Base.lproj/LaunchScreen.xib; sourceTree = "<group>"; };
		E0D78D5219CD6968008E2132 /* BabelBoardProjectTests.xctest */ = {isa = PBXFileReference; explicitFileType = wrapper.cfbundle; includeInIndex = 0; path = BabelBoardProjectTests.xctest; sourceTree = BUILT_PRODUCTS_DIR; };
		E0D78D5719CD6968008E2132 /* Info.plist */ = {isa = PBXFileReference; lastKnownFileType = text.plist.xml; path = Info.plist; sourceTree = "<group>"; };
		E0D78D5819CD6968008E2132 /* BabelBoardProjectTests.swift */ = {isa = PBXFileReference; lastKnownFileType = sourcecode.swift; path = BabelBoardProjectTests.swift; sourceTree = "<group>"; };
		E0D78D6619CD6989008E2132 /* BabelBoard.appex */ = {isa = PBXFileReference; explicitFileType = "wrapper.app-extension"; includeInIndex = 0; path = BabelBoard.appex; sourceTree = BUILT_PRODUCTS_DIR; };
		E0D78D6919CD6989008E2132 /* Info.plist */ = {isa = PBXFileReference; lastKnownFileType = text.plist.xml; path = Info.plist; sourceTree = "<group>"; };
		E0D78D6A19CD6989008E2132 /* KeyboardViewController.swift */ = {isa = PBXFileReference; lastKnownFileType = sourcecode.swift; path = KeyboardViewController.swift; sourceTree = "<group>"; };
		E0D78D7519CD6A07008E2132 /* KeyButton.swift */ = {isa = PBXFileReference; fileEncoding = 4; lastKnownFileType = sourcecode.swift; path = KeyButton.swift; sourceTree = "<group>"; };
		E0DF157B19CE11D2000B85F4 /* Alamofire.framework */ = {isa = PBXFileReference; lastKnownFileType = wrapper.framework; name = Alamofire.framework; path = "../../../Library/Developer/Xcode/DerivedData/BabelBoardProject-cpsznoglduwstmegwlspyjudwkun/Build/Products/Debug-iphoneos/Alamofire.framework"; sourceTree = "<group>"; };
		E0DF158219CE29C1000B85F4 /* SwiftyJSON.h */ = {isa = PBXFileReference; fileEncoding = 4; lastKnownFileType = sourcecode.c.h; path = SwiftyJSON.h; sourceTree = "<group>"; };
		E0DF158319CE29C1000B85F4 /* SwiftyJSON.swift */ = {isa = PBXFileReference; fileEncoding = 4; lastKnownFileType = sourcecode.swift; path = SwiftyJSON.swift; sourceTree = "<group>"; };
/* End PBXFileReference section */

/* Begin PBXFrameworksBuildPhase section */
		E0D78D3A19CD6968008E2132 /* Frameworks */ = {
			isa = PBXFrameworksBuildPhase;
			buildActionMask = 2147483647;
			files = (
			);
			runOnlyForDeploymentPostprocessing = 0;
		};
		E0D78D4F19CD6968008E2132 /* Frameworks */ = {
			isa = PBXFrameworksBuildPhase;
			buildActionMask = 2147483647;
			files = (
			);
			runOnlyForDeploymentPostprocessing = 0;
		};
		E0D78D6319CD6989008E2132 /* Frameworks */ = {
			isa = PBXFrameworksBuildPhase;
			buildActionMask = 2147483647;
			files = (
				E0DF157C19CE11D2000B85F4 /* Alamofire.framework in Frameworks */,
			);
			runOnlyForDeploymentPostprocessing = 0;
		};
/* End PBXFrameworksBuildPhase section */

/* Begin PBXGroup section */
		E0D78D3419CD6968008E2132 = {
			isa = PBXGroup;
			children = (
				E0DF157B19CE11D2000B85F4 /* Alamofire.framework */,
				E0D78D3F19CD6968008E2132 /* BabelBoardProject */,
				E0D78D5519CD6968008E2132 /* BabelBoardProjectTests */,
				E0D78D6719CD6989008E2132 /* BabelBoard */,
				E0D78D3E19CD6968008E2132 /* Products */,
			);
			sourceTree = "<group>";
		};
		E0D78D3E19CD6968008E2132 /* Products */ = {
			isa = PBXGroup;
			children = (
				E0D78D3D19CD6968008E2132 /* BabelBoardProject.app */,
				E0D78D5219CD6968008E2132 /* BabelBoardProjectTests.xctest */,
				E0D78D6619CD6989008E2132 /* BabelBoard.appex */,
			);
			name = Products;
			sourceTree = "<group>";
		};
		E0D78D3F19CD6968008E2132 /* BabelBoardProject */ = {
			isa = PBXGroup;
			children = (
				E0D78D4219CD6968008E2132 /* AppDelegate.swift */,
				E0D78D4419CD6968008E2132 /* ViewController.swift */,
				E0D78D4619CD6968008E2132 /* Main.storyboard */,
				E0D78D4919CD6968008E2132 /* Images.xcassets */,
				E0D78D4B19CD6968008E2132 /* LaunchScreen.xib */,
				E0D78D4019CD6968008E2132 /* Supporting Files */,
			);
			path = BabelBoardProject;
			sourceTree = "<group>";
		};
		E0D78D4019CD6968008E2132 /* Supporting Files */ = {
			isa = PBXGroup;
			children = (
				E0D78D4119CD6968008E2132 /* Info.plist */,
			);
			name = "Supporting Files";
			sourceTree = "<group>";
		};
		E0D78D5519CD6968008E2132 /* BabelBoardProjectTests */ = {
			isa = PBXGroup;
			children = (
				E0D78D5819CD6968008E2132 /* BabelBoardProjectTests.swift */,
				E0D78D5619CD6968008E2132 /* Supporting Files */,
			);
			path = BabelBoardProjectTests;
			sourceTree = "<group>";
		};
		E0D78D5619CD6968008E2132 /* Supporting Files */ = {
			isa = PBXGroup;
			children = (
				E0D78D5719CD6968008E2132 /* Info.plist */,
			);
			name = "Supporting Files";
			sourceTree = "<group>";
		};
		E0D78D6719CD6989008E2132 /* BabelBoard */ = {
			isa = PBXGroup;
			children = (
				E0D78D6A19CD6989008E2132 /* KeyboardViewController.swift */,
				E0D78D7519CD6A07008E2132 /* KeyButton.swift */,
				E0D78D6819CD6989008E2132 /* Supporting Files */,
			);
			path = BabelBoard;
			sourceTree = "<group>";
		};
		E0D78D6819CD6989008E2132 /* Supporting Files */ = {
			isa = PBXGroup;
			children = (
				E0DF158219CE29C1000B85F4 /* SwiftyJSON.h */,
				E0DF158319CE29C1000B85F4 /* SwiftyJSON.swift */,
				E0D78D6919CD6989008E2132 /* Info.plist */,
			);
			name = "Supporting Files";
			sourceTree = "<group>";
		};
/* End PBXGroup section */

/* Begin PBXNativeTarget section */
		E0D78D3C19CD6968008E2132 /* BabelBoardProject */ = {
			isa = PBXNativeTarget;
			buildConfigurationList = E0D78D5C19CD6968008E2132 /* Build configuration list for PBXNativeTarget "BabelBoardProject" */;
			buildPhases = (
				E0D78D3919CD6968008E2132 /* Sources */,
				E0D78D3A19CD6968008E2132 /* Frameworks */,
				E0D78D3B19CD6968008E2132 /* Resources */,
				E0D78D7419CD6989008E2132 /* Embed App Extensions */,
				E0DF155919CE0FAA000B85F4 /* Copy Files */,
			);
			buildRules = (
			);
			dependencies = (
				E0D78D6D19CD6989008E2132 /* PBXTargetDependency */,
				E0D78D7019CD6989008E2132 /* PBXTargetDependency */,
			);
			name = BabelBoardProject;
			productName = BabelBoardProject;
			productReference = E0D78D3D19CD6968008E2132 /* BabelBoardProject.app */;
			productType = "com.apple.product-type.application";
		};
		E0D78D5119CD6968008E2132 /* BabelBoardProjectTests */ = {
			isa = PBXNativeTarget;
			buildConfigurationList = E0D78D5F19CD6968008E2132 /* Build configuration list for PBXNativeTarget "BabelBoardProjectTests" */;
			buildPhases = (
				E0D78D4E19CD6968008E2132 /* Sources */,
				E0D78D4F19CD6968008E2132 /* Frameworks */,
				E0D78D5019CD6968008E2132 /* Resources */,
			);
			buildRules = (
			);
			dependencies = (
				E0D78D5419CD6968008E2132 /* PBXTargetDependency */,
			);
			name = BabelBoardProjectTests;
			productName = BabelBoardProjectTests;
			productReference = E0D78D5219CD6968008E2132 /* BabelBoardProjectTests.xctest */;
			productType = "com.apple.product-type.bundle.unit-test";
		};
		E0D78D6519CD6989008E2132 /* BabelBoard */ = {
			isa = PBXNativeTarget;
			buildConfigurationList = E0D78D7119CD6989008E2132 /* Build configuration list for PBXNativeTarget "BabelBoard" */;
			buildPhases = (
				E0D78D6219CD6989008E2132 /* Sources */,
				E0D78D6319CD6989008E2132 /* Frameworks */,
				E0D78D6419CD6989008E2132 /* Resources */,
				E0DF157919CE1125000B85F4 /* CopyFiles */,
			);
			buildRules = (
			);
			dependencies = (
			);
			name = BabelBoard;
			productName = BabelBoard;
			productReference = E0D78D6619CD6989008E2132 /* BabelBoard.appex */;
			productType = "com.apple.product-type.app-extension";
		};
/* End PBXNativeTarget section */

/* Begin PBXProject section */
		E0D78D3519CD6968008E2132 /* Project object */ = {
			isa = PBXProject;
			attributes = {
				LastUpgradeCheck = 0600;
				ORGANIZATIONNAME = MFTech;
				TargetAttributes = {
					E0D78D3C19CD6968008E2132 = {
						CreatedOnToolsVersion = 6.0;
					};
					E0D78D5119CD6968008E2132 = {
						CreatedOnToolsVersion = 6.0;
						TestTargetID = E0D78D3C19CD6968008E2132;
					};
					E0D78D6519CD6989008E2132 = {
						CreatedOnToolsVersion = 6.0;
					};
				};
			};
			buildConfigurationList = E0D78D3819CD6968008E2132 /* Build configuration list for PBXProject "BabelBoardProject" */;
			compatibilityVersion = "Xcode 3.2";
			developmentRegion = English;
			hasScannedForEncodings = 0;
			knownRegions = (
				en,
				Base,
			);
			mainGroup = E0D78D3419CD6968008E2132;
			productRefGroup = E0D78D3E19CD6968008E2132 /* Products */;
			projectDirPath = "";
			projectRoot = "";
			targets = (
				E0D78D3C19CD6968008E2132 /* BabelBoardProject */,
				E0D78D5119CD6968008E2132 /* BabelBoardProjectTests */,
				E0D78D6519CD6989008E2132 /* BabelBoard */,
			);
		};
/* End PBXProject section */

/* Begin PBXResourcesBuildPhase section */
		E0D78D3B19CD6968008E2132 /* Resources */ = {
			isa = PBXResourcesBuildPhase;
			buildActionMask = 2147483647;
			files = (
				E0D78D4819CD6968008E2132 /* Main.storyboard in Resources */,
				E0D78D4D19CD6968008E2132 /* LaunchScreen.xib in Resources */,
				E0D78D4A19CD6968008E2132 /* Images.xcassets in Resources */,
			);
			runOnlyForDeploymentPostprocessing = 0;
		};
		E0D78D5019CD6968008E2132 /* Resources */ = {
			isa = PBXResourcesBuildPhase;
			buildActionMask = 2147483647;
			files = (
			);
			runOnlyForDeploymentPostprocessing = 0;
		};
		E0D78D6419CD6989008E2132 /* Resources */ = {
			isa = PBXResourcesBuildPhase;
			buildActionMask = 2147483647;
			files = (
			);
			runOnlyForDeploymentPostprocessing = 0;
		};
/* End PBXResourcesBuildPhase section */

/* Begin PBXSourcesBuildPhase section */
		E0D78D3919CD6968008E2132 /* Sources */ = {
			isa = PBXSourcesBuildPhase;
			buildActionMask = 2147483647;
			files = (
				E0D78D4519CD6968008E2132 /* ViewController.swift in Sources */,
				E0D78D4319CD6968008E2132 /* AppDelegate.swift in Sources */,
			);
			runOnlyForDeploymentPostprocessing = 0;
		};
		E0D78D4E19CD6968008E2132 /* Sources */ = {
			isa = PBXSourcesBuildPhase;
			buildActionMask = 2147483647;
			files = (
				E0D78D5919CD6968008E2132 /* BabelBoardProjectTests.swift in Sources */,
			);
			runOnlyForDeploymentPostprocessing = 0;
		};
		E0D78D6219CD6989008E2132 /* Sources */ = {
			isa = PBXSourcesBuildPhase;
			buildActionMask = 2147483647;
			files = (
				E0DF158419CE29C1000B85F4 /* SwiftyJSON.swift in Sources */,
				E0D78D6B19CD6989008E2132 /* KeyboardViewController.swift in Sources */,
				E0D78D7619CD6A07008E2132 /* KeyButton.swift in Sources */,
			);
			runOnlyForDeploymentPostprocessing = 0;
		};
/* End PBXSourcesBuildPhase section */

/* Begin PBXTargetDependency section */
		E0D78D5419CD6968008E2132 /* PBXTargetDependency */ = {
			isa = PBXTargetDependency;
			target = E0D78D3C19CD6968008E2132 /* BabelBoardProject */;
			targetProxy = E0D78D5319CD6968008E2132 /* PBXContainerItemProxy */;
		};
		E0D78D6D19CD6989008E2132 /* PBXTargetDependency */ = {
			isa = PBXTargetDependency;
			target = E0D78D6519CD6989008E2132 /* BabelBoard */;
			targetProxy = E0D78D6C19CD6989008E2132 /* PBXContainerItemProxy */;
		};
		E0D78D7019CD6989008E2132 /* PBXTargetDependency */ = {
			isa = PBXTargetDependency;
			target = E0D78D6519CD6989008E2132 /* BabelBoard */;
			targetProxy = E0D78D6F19CD6989008E2132 /* PBXContainerItemProxy */;
		};
/* End PBXTargetDependency section */

/* Begin PBXVariantGroup section */
		E0D78D4619CD6968008E2132 /* Main.storyboard */ = {
			isa = PBXVariantGroup;
			children = (
				E0D78D4719CD6968008E2132 /* Base */,
			);
			name = Main.storyboard;
			sourceTree = "<group>";
		};
		E0D78D4B19CD6968008E2132 /* LaunchScreen.xib */ = {
			isa = PBXVariantGroup;
			children = (
				E0D78D4C19CD6968008E2132 /* Base */,
			);
			name = LaunchScreen.xib;
			sourceTree = "<group>";
		};
/* End PBXVariantGroup section */

/* Begin XCBuildConfiguration section */
		E0D78D5A19CD6968008E2132 /* Debug */ = {
			isa = XCBuildConfiguration;
			buildSettings = {
				ALWAYS_SEARCH_USER_PATHS = NO;
				CLANG_CXX_LANGUAGE_STANDARD = "gnu++0x";
				CLANG_CXX_LIBRARY = "libc++";
				CLANG_ENABLE_MODULES = YES;
				CLANG_ENABLE_OBJC_ARC = YES;
				CLANG_WARN_BOOL_CONVERSION = YES;
				CLANG_WARN_CONSTANT_CONVERSION = YES;
				CLANG_WARN_DIRECT_OBJC_ISA_USAGE = YES_ERROR;
				CLANG_WARN_EMPTY_BODY = YES;
				CLANG_WARN_ENUM_CONVERSION = YES;
				CLANG_WARN_INT_CONVERSION = YES;
				CLANG_WARN_OBJC_ROOT_CLASS = YES_ERROR;
				CLANG_WARN_UNREACHABLE_CODE = YES;
				CLANG_WARN__DUPLICATE_METHOD_MATCH = YES;
				"CODE_SIGN_IDENTITY[sdk=iphoneos*]" = "iPhone Developer";
				COPY_PHASE_STRIP = NO;
				ENABLE_STRICT_OBJC_MSGSEND = YES;
				GCC_C_LANGUAGE_STANDARD = gnu99;
				GCC_DYNAMIC_NO_PIC = NO;
				GCC_OPTIMIZATION_LEVEL = 0;
				GCC_PREPROCESSOR_DEFINITIONS = (
					"DEBUG=1",
					"$(inherited)",
				);
				GCC_SYMBOLS_PRIVATE_EXTERN = NO;
				GCC_WARN_64_TO_32_BIT_CONVERSION = YES;
				GCC_WARN_ABOUT_RETURN_TYPE = YES_ERROR;
				GCC_WARN_UNDECLARED_SELECTOR = YES;
				GCC_WARN_UNINITIALIZED_AUTOS = YES_AGGRESSIVE;
				GCC_WARN_UNUSED_FUNCTION = YES;
				GCC_WARN_UNUSED_VARIABLE = YES;
				IPHONEOS_DEPLOYMENT_TARGET = 8.0;
				MTL_ENABLE_DEBUG_INFO = YES;
				ONLY_ACTIVE_ARCH = YES;
				SDKROOT = iphoneos;
				SWIFT_OPTIMIZATION_LEVEL = "-Onone";
			};
			name = Debug;
		};
		E0D78D5B19CD6968008E2132 /* Release */ = {
			isa = XCBuildConfiguration;
			buildSettings = {
				ALWAYS_SEARCH_USER_PATHS = NO;
				CLANG_CXX_LANGUAGE_STANDARD = "gnu++0x";
				CLANG_CXX_LIBRARY = "libc++";
				CLANG_ENABLE_MODULES = YES;
				CLANG_ENABLE_OBJC_ARC = YES;
				CLANG_WARN_BOOL_CONVERSION = YES;
				CLANG_WARN_CONSTANT_CONVERSION = YES;
				CLANG_WARN_DIRECT_OBJC_ISA_USAGE = YES_ERROR;
				CLANG_WARN_EMPTY_BODY = YES;
				CLANG_WARN_ENUM_CONVERSION = YES;
				CLANG_WARN_INT_CONVERSION = YES;
				CLANG_WARN_OBJC_ROOT_CLASS = YES_ERROR;
				CLANG_WARN_UNREACHABLE_CODE = YES;
				CLANG_WARN__DUPLICATE_METHOD_MATCH = YES;
				"CODE_SIGN_IDENTITY[sdk=iphoneos*]" = "iPhone Developer";
				COPY_PHASE_STRIP = YES;
				ENABLE_NS_ASSERTIONS = NO;
				ENABLE_STRICT_OBJC_MSGSEND = YES;
				GCC_C_LANGUAGE_STANDARD = gnu99;
				GCC_WARN_64_TO_32_BIT_CONVERSION = YES;
				GCC_WARN_ABOUT_RETURN_TYPE = YES_ERROR;
				GCC_WARN_UNDECLARED_SELECTOR = YES;
				GCC_WARN_UNINITIALIZED_AUTOS = YES_AGGRESSIVE;
				GCC_WARN_UNUSED_FUNCTION = YES;
				GCC_WARN_UNUSED_VARIABLE = YES;
				IPHONEOS_DEPLOYMENT_TARGET = 8.0;
				MTL_ENABLE_DEBUG_INFO = NO;
				SDKROOT = iphoneos;
				VALIDATE_PRODUCT = YES;
			};
			name = Release;
		};
		E0D78D5D19CD6968008E2132 /* Debug */ = {
			isa = XCBuildConfiguration;
			buildSettings = {
				ASSETCATALOG_COMPILER_APPICON_NAME = AppIcon;
				FRAMEWORK_SEARCH_PATHS = (
					"$(inherited)",
					"$(USER_LIBRARY_DIR)/Developer/Xcode/DerivedData/BabelBoardProject-cpsznoglduwstmegwlspyjudwkun/Build/Products/Debug-iphoneos",
				);
				INFOPLIST_FILE = BabelBoardProject/Info.plist;
				LD_RUNPATH_SEARCH_PATHS = "$(inherited) @executable_path/Frameworks";
				PRODUCT_NAME = "$(TARGET_NAME)";
			};
			name = Debug;
		};
		E0D78D5E19CD6968008E2132 /* Release */ = {
			isa = XCBuildConfiguration;
			buildSettings = {
				ASSETCATALOG_COMPILER_APPICON_NAME = AppIcon;
				FRAMEWORK_SEARCH_PATHS = (
					"$(inherited)",
					"$(USER_LIBRARY_DIR)/Developer/Xcode/DerivedData/BabelBoardProject-cpsznoglduwstmegwlspyjudwkun/Build/Products/Debug-iphoneos",
				);
				INFOPLIST_FILE = BabelBoardProject/Info.plist;
				LD_RUNPATH_SEARCH_PATHS = "$(inherited) @executable_path/Frameworks";
				PRODUCT_NAME = "$(TARGET_NAME)";
			};
			name = Release;
		};
		E0D78D6019CD6968008E2132 /* Debug */ = {
			isa = XCBuildConfiguration;
			buildSettings = {
				BUNDLE_LOADER = "$(TEST_HOST)";
				FRAMEWORK_SEARCH_PATHS = (
					"$(SDKROOT)/Developer/Library/Frameworks",
					"$(inherited)",
				);
				GCC_PREPROCESSOR_DEFINITIONS = (
					"DEBUG=1",
					"$(inherited)",
				);
				INFOPLIST_FILE = BabelBoardProjectTests/Info.plist;
				LD_RUNPATH_SEARCH_PATHS = "$(inherited) @executable_path/Frameworks @loader_path/Frameworks";
				PRODUCT_NAME = "$(TARGET_NAME)";
				TEST_HOST = "$(BUILT_PRODUCTS_DIR)/BabelBoardProject.app/BabelBoardProject";
			};
			name = Debug;
		};
		E0D78D6119CD6968008E2132 /* Release */ = {
			isa = XCBuildConfiguration;
			buildSettings = {
				BUNDLE_LOADER = "$(TEST_HOST)";
				FRAMEWORK_SEARCH_PATHS = (
					"$(SDKROOT)/Developer/Library/Frameworks",
					"$(inherited)",
				);
				INFOPLIST_FILE = BabelBoardProjectTests/Info.plist;
				LD_RUNPATH_SEARCH_PATHS = "$(inherited) @executable_path/Frameworks @loader_path/Frameworks";
				PRODUCT_NAME = "$(TARGET_NAME)";
				TEST_HOST = "$(BUILT_PRODUCTS_DIR)/BabelBoardProject.app/BabelBoardProject";
			};
			name = Release;
		};
		E0D78D7219CD6989008E2132 /* Debug */ = {
			isa = XCBuildConfiguration;
			buildSettings = {
				FRAMEWORK_SEARCH_PATHS = (
					"$(inherited)",
					"$(USER_LIBRARY_DIR)/Developer/Xcode/DerivedData/BabelBoardProject-cpsznoglduwstmegwlspyjudwkun/Build/Products/Debug-iphoneos",
				);
				GCC_PREPROCESSOR_DEFINITIONS = (
					"DEBUG=1",
					"$(inherited)",
				);
				INFOPLIST_FILE = BabelBoard/Info.plist;
				LD_RUNPATH_SEARCH_PATHS = "$(inherited) @executable_path/Frameworks @executable_path/../../Frameworks";
				PRODUCT_NAME = "$(TARGET_NAME)";
				SKIP_INSTALL = YES;
			};
			name = Debug;
		};
		E0D78D7319CD6989008E2132 /* Release */ = {
			isa = XCBuildConfiguration;
			buildSettings = {
				FRAMEWORK_SEARCH_PATHS = (
					"$(inherited)",
					"$(USER_LIBRARY_DIR)/Developer/Xcode/DerivedData/BabelBoardProject-cpsznoglduwstmegwlspyjudwkun/Build/Products/Debug-iphoneos",
				);
				INFOPLIST_FILE = BabelBoard/Info.plist;
				LD_RUNPATH_SEARCH_PATHS = "$(inherited) @executable_path/Frameworks @executable_path/../../Frameworks";
				PRODUCT_NAME = "$(TARGET_NAME)";
				SKIP_INSTALL = YES;
			};
			name = Release;
		};
/* End XCBuildConfiguration section */

/* Begin XCConfigurationList section */
		E0D78D3819CD6968008E2132 /* Build configuration list for PBXProject "BabelBoardProject" */ = {
			isa = XCConfigurationList;
			buildConfigurations = (
				E0D78D5A19CD6968008E2132 /* Debug */,
				E0D78D5B19CD6968008E2132 /* Release */,
			);
			defaultConfigurationIsVisible = 0;
			defaultConfigurationName = Release;
		};
		E0D78D5C19CD6968008E2132 /* Build configuration list for PBXNativeTarget "BabelBoardProject" */ = {
			isa = XCConfigurationList;
			buildConfigurations = (
				E0D78D5D19CD6968008E2132 /* Debug */,
				E0D78D5E19CD6968008E2132 /* Release */,
			);
			defaultConfigurationIsVisible = 0;
			defaultConfigurationName = Release;
		};
		E0D78D5F19CD6968008E2132 /* Build configuration list for PBXNativeTarget "BabelBoardProjectTests" */ = {
			isa = XCConfigurationList;
			buildConfigurations = (
				E0D78D6019CD6968008E2132 /* Debug */,
				E0D78D6119CD6968008E2132 /* Release */,
			);
			defaultConfigurationIsVisible = 0;
			defaultConfigurationName = Release;
		};
		E0D78D7119CD6989008E2132 /* Build configuration list for PBXNativeTarget "BabelBoard" */ = {
			isa = XCConfigurationList;
			buildConfigurations = (
				E0D78D7219CD6989008E2132 /* Debug */,
				E0D78D7319CD6989008E2132 /* Release */,
			);
			defaultConfigurationIsVisible = 0;
			defaultConfigurationName = Release;
		};
/* End XCConfigurationList section */
	};
	rootObject = E0D78D3519CD6968008E2132 /* Project object */;
}
